
Microsoft Visual Studio Solution File, Format Version 12.00
# Visual Studio 14
VisualStudioVersion = 14.0.23107.0
MinimumVisualStudioVersion = 10.0.40219.1
Project("{FAE04EC0-301F-11D3-BF4B-00C04F79EFBC}") = "EFDataContext", "EFDataContext\EFDataContext.csproj", "{B0415EFC-CE85-4F56-A164-6272533B4DCD}"
EndProject
Project("{FAE04EC0-301F-11D3-BF4B-00C04F79EFBC}") = "Repositories", "Repositories\Repositories.csproj", "{D93EE080-F9CE-4A00-BFFF-5276C5482D11}"
EndProject
Project("{2150E333-8FDC-42A3-9474-1A3956D46DE8}") = "20-DAL", "20-DAL", "{D4FABF24-CE59-4FD3-B02D-13C2F18C353F}"
EndProject
Project("{2150E333-8FDC-42A3-9474-1A3956D46DE8}") = "30-BLL", "30-BLL", "{59ACCE05-5573-44B5-BB6F-63211B3D857E}"
EndProject
Project("{FAE04EC0-301F-11D3-BF4B-00C04F79EFBC}") = "Services", "Services\Services.csproj", "{333F6F15-984F-4CA9-862A-6E6585349CE5}"
EndProject
Project("{2150E333-8FDC-42A3-9474-1A3956D46DE8}") = "40-App", "40-App", "{37DF5F92-BC4D-4CCC-B67D-E07524AE1018}"
EndProject
Project("{2150E333-8FDC-42A3-9474-1A3956D46DE8}") = "10-Shared", "10-Shared", "{5ABFF21C-150D-497F-9BCD-121476D8EB11}"
EndProject
Project("{FAE04EC0-301F-11D3-BF4B-00C04F79EFBC}") = "Shared", "Shared\Shared.csproj", "{9FB1161A-A033-47E6-9749-89636A76AD21}"
EndProject
Project("{FAE04EC0-301F-11D3-BF4B-00C04F79EFBC}") = "App", "App\App.csproj", "{83DD8F99-65A8-45AA-9317-71DB31EFBA51}"
EndProject
Project("{FAE04EC0-301F-11D3-BF4B-00C04F79EFBC}") = "Repositories.Test", "Repisitories.TEst\Repositories.Test.csproj", "{DD0FDE2E-EAF6-4C99-A598-C8744AF86272}"
EndProject
Global
	GlobalSection(SolutionConfigurationPlatforms) = preSolution
		Debug|Any CPU = Debug|Any CPU
		Release|Any CPU = Release|Any CPU
	EndGlobalSection
	GlobalSection(ProjectConfigurationPlatforms) = postSolution
		{B0415EFC-CE85-4F56-A164-6272533B4DCD}.Debug|Any CPU.ActiveCfg = Debug|Any CPU
		{B0415EFC-CE85-4F56-A164-6272533B4DCD}.Debug|Any CPU.Build.0 = Debug|Any CPU
		{B0415EFC-CE85-4F56-A164-6272533B4DCD}.Release|Any CPU.ActiveCfg = Release|Any CPU
		{B0415EFC-CE85-4F56-A164-6272533B4DCD}.Release|Any CPU.Build.0 = Release|Any CPU
		{D93EE080-F9CE-4A00-BFFF-5276C5482D11}.Debug|Any CPU.ActiveCfg = Debug|Any CPU
		{D93EE080-F9CE-4A00-BFFF-5276C5482D11}.Debug|Any CPU.Build.0 = Debug|Any CPU
		{D93EE080-F9CE-4A00-BFFF-5276C5482D11}.Release|Any CPU.ActiveCfg = Release|Any CPU
		{D93EE080-F9CE-4A00-BFFF-5276C5482D11}.Release|Any CPU.Build.0 = Release|Any CPU
		{333F6F15-984F-4CA9-862A-6E6585349CE5}.Debug|Any CPU.ActiveCfg = Debug|Any CPU
		{333F6F15-984F-4CA9-862A-6E6585349CE5}.Debug|Any CPU.Build.0 = Debug|Any CPU
		{333F6F15-984F-4CA9-862A-6E6585349CE5}.Release|Any CPU.ActiveCfg = Release|Any CPU
		{333F6F15-984F-4CA9-862A-6E6585349CE5}.Release|Any CPU.Build.0 = Release|Any CPU
		{9FB1161A-A033-47E6-9749-89636A76AD21}.Debug|Any CPU.ActiveCfg = Debug|Any CPU
		{9FB1161A-A033-47E6-9749-89636A76AD21}.Debug|Any CPU.Build.0 = Debug|Any CPU
		{9FB1161A-A033-47E6-9749-89636A76AD21}.Release|Any CPU.ActiveCfg = Release|Any CPU
		{9FB1161A-A033-47E6-9749-89636A76AD21}.Release|Any CPU.Build.0 = Release|Any CPU
		{83DD8F99-65A8-45AA-9317-71DB31EFBA51}.Debug|Any CPU.ActiveCfg = Debug|Any CPU
		{83DD8F99-65A8-45AA-9317-71DB31EFBA51}.Debug|Any CPU.Build.0 = Debug|Any CPU
		{83DD8F99-65A8-45AA-9317-71DB31EFBA51}.Release|Any CPU.ActiveCfg = Release|Any CPU
		{83DD8F99-65A8-45AA-9317-71DB31EFBA51}.Release|Any CPU.Build.0 = Release|Any CPU
		{DD0FDE2E-EAF6-4C99-A598-C8744AF86272}.Debug|Any CPU.ActiveCfg = Debug|Any CPU
		{DD0FDE2E-EAF6-4C99-A598-C8744AF86272}.Debug|Any CPU.Build.0 = Debug|Any CPU
		{DD0FDE2E-EAF6-4C99-A598-C8744AF86272}.Release|Any CPU.ActiveCfg = Release|Any CPU
		{DD0FDE2E-EAF6-4C99-A598-C8744AF86272}.Release|Any CPU.Build.0 = Release|Any CPU
	EndGlobalSection
	GlobalSection(SolutionProperties) = preSolution
		HideSolutionNode = FALSE
	EndGlobalSection
	GlobalSection(NestedProjects) = preSolution
		{B0415EFC-CE85-4F56-A164-6272533B4DCD} = {D4FABF24-CE59-4FD3-B02D-13C2F18C353F}
		{D93EE080-F9CE-4A00-BFFF-5276C5482D11} = {D4FABF24-CE59-4FD3-B02D-13C2F18C353F}
		{333F6F15-984F-4CA9-862A-6E6585349CE5} = {59ACCE05-5573-44B5-BB6F-63211B3D857E}
		{9FB1161A-A033-47E6-9749-89636A76AD21} = {5ABFF21C-150D-497F-9BCD-121476D8EB11}
		{83DD8F99-65A8-45AA-9317-71DB31EFBA51} = {37DF5F92-BC4D-4CCC-B67D-E07524AE1018}
		{DD0FDE2E-EAF6-4C99-A598-C8744AF86272} = {D4FABF24-CE59-4FD3-B02D-13C2F18C353F}
	EndGlobalSection
EndGlobal
